
Microsoft Visual Studio Solution File, Format Version 12.00
# Visual Studio Version 16
VisualStudioVersion = 16.0.31005.135
MinimumVisualStudioVersion = 10.0.40219.1
Project("{2150E333-8FDC-42A3-9474-1A3956D46DE8}") = "MVC", "MVC", "{C06D7025-5662-4C9A-AB46-C7EE28E4B33C}"
EndProject
Project("{FAE04EC0-301F-11D3-BF4B-00C04F79EFBC}") = "CS.PMA.MVC", "CS.PMA.MVC\CS.PMA.MVC.csproj", "{C024F2CD-E812-443D-90A5-497D9C2D7DB4}"
EndProject
Project("{FAE04EC0-301F-11D3-BF4B-00C04F79EFBC}") = "CS.PMA.MVC.Tests", "MVC\CS.PMA.MVC.Tests\CS.PMA.MVC.Tests.csproj", "{154F16C5-077B-4691-B9B2-DD2346B2AE28}"
EndProject
Project("{2150E333-8FDC-42A3-9474-1A3956D46DE8}") = "WebAPI", "WebAPI", "{1A1EB018-5878-4E30-BB52-8D758D48DB41}"
EndProject
Project("{FAE04EC0-301F-11D3-BF4B-00C04F79EFBC}") = "CS.PMA.WebAPI", "CS.PMA.WebAPI\CS.PMA.WebAPI.csproj", "{80D6AFF7-ADF7-424A-887B-DD90FA0D2D5E}"
EndProject
Project("{FAE04EC0-301F-11D3-BF4B-00C04F79EFBC}") = "CS.PMA.WebAPI.Tests", "WebAPI\CS.PMA.WebAPI.Tests\CS.PMA.WebAPI.Tests.csproj", "{A23DBB0F-0355-4174-8EE9-8DF06B1D667D}"
EndProject
Project("{2150E333-8FDC-42A3-9474-1A3956D46DE8}") = "Common", "Common", "{371D4E25-F969-4F3E-9084-1288910D9974}"
EndProject
Project("{FAE04EC0-301F-11D3-BF4B-00C04F79EFBC}") = "CS.PMA.Common", "CS.PMA.Common\CS.PMA.Common.csproj", "{621FF2D1-AD2A-4EF8-9997-DD16AEF33E94}"
EndProject
Project("{2150E333-8FDC-42A3-9474-1A3956D46DE8}") = "BAL", "BAL", "{799740D2-16B2-4DE0-9F97-CB98D21FAE14}"
EndProject
Project("{FAE04EC0-301F-11D3-BF4B-00C04F79EFBC}") = "CS.PMA.BAL", "CS.PMA.BAL\CS.PMA.BAL.csproj", "{72B502F2-FDB5-486C-A093-1763C7D9B67B}"
EndProject
Project("{2150E333-8FDC-42A3-9474-1A3956D46DE8}") = "DAL", "DAL", "{73497E50-0D07-4CBD-B432-3B9E8152CF17}"
EndProject
Project("{FAE04EC0-301F-11D3-BF4B-00C04F79EFBC}") = "CS.PMA.DAL", "CS.PMA.DAL\CS.PMA.DAL.csproj", "{63D78444-2358-4AB2-A7E1-49BDA4D93D61}"
EndProject
Project("{2150E333-8FDC-42A3-9474-1A3956D46DE8}") = "BussinessEntities", "BussinessEntities", "{19EA01BC-3635-4F3B-9723-32CCBFAD3D74}"
EndProject
Project("{FAE04EC0-301F-11D3-BF4B-00C04F79EFBC}") = "CS.PMA.BE", "CS.PMA.BE\CS.PMA.BE.csproj", "{C9690F2C-2D8A-4D1E-8BCB-382ECF2C9397}"
EndProject
Global
	GlobalSection(SolutionConfigurationPlatforms) = preSolution
		Debug|Any CPU = Debug|Any CPU
		Release|Any CPU = Release|Any CPU
	EndGlobalSection
	GlobalSection(ProjectConfigurationPlatforms) = postSolution
		{C024F2CD-E812-443D-90A5-497D9C2D7DB4}.Debug|Any CPU.ActiveCfg = Debug|Any CPU
		{C024F2CD-E812-443D-90A5-497D9C2D7DB4}.Debug|Any CPU.Build.0 = Debug|Any CPU
		{C024F2CD-E812-443D-90A5-497D9C2D7DB4}.Release|Any CPU.ActiveCfg = Release|Any CPU
		{C024F2CD-E812-443D-90A5-497D9C2D7DB4}.Release|Any CPU.Build.0 = Release|Any CPU
		{154F16C5-077B-4691-B9B2-DD2346B2AE28}.Debug|Any CPU.ActiveCfg = Debug|Any CPU
		{154F16C5-077B-4691-B9B2-DD2346B2AE28}.Debug|Any CPU.Build.0 = Debug|Any CPU
		{154F16C5-077B-4691-B9B2-DD2346B2AE28}.Release|Any CPU.ActiveCfg = Release|Any CPU
		{154F16C5-077B-4691-B9B2-DD2346B2AE28}.Release|Any CPU.Build.0 = Release|Any CPU
		{80D6AFF7-ADF7-424A-887B-DD90FA0D2D5E}.Debug|Any CPU.ActiveCfg = Debug|Any CPU
		{80D6AFF7-ADF7-424A-887B-DD90FA0D2D5E}.Debug|Any CPU.Build.0 = Debug|Any CPU
		{80D6AFF7-ADF7-424A-887B-DD90FA0D2D5E}.Release|Any CPU.ActiveCfg = Release|Any CPU
		{80D6AFF7-ADF7-424A-887B-DD90FA0D2D5E}.Release|Any CPU.Build.0 = Release|Any CPU
		{A23DBB0F-0355-4174-8EE9-8DF06B1D667D}.Debug|Any CPU.ActiveCfg = Debug|Any CPU
		{A23DBB0F-0355-4174-8EE9-8DF06B1D667D}.Debug|Any CPU.Build.0 = Debug|Any CPU
		{A23DBB0F-0355-4174-8EE9-8DF06B1D667D}.Release|Any CPU.ActiveCfg = Release|Any CPU
		{A23DBB0F-0355-4174-8EE9-8DF06B1D667D}.Release|Any CPU.Build.0 = Release|Any CPU
		{621FF2D1-AD2A-4EF8-9997-DD16AEF33E94}.Debug|Any CPU.ActiveCfg = Debug|Any CPU
		{621FF2D1-AD2A-4EF8-9997-DD16AEF33E94}.Debug|Any CPU.Build.0 = Debug|Any CPU
		{621FF2D1-AD2A-4EF8-9997-DD16AEF33E94}.Release|Any CPU.ActiveCfg = Release|Any CPU
		{621FF2D1-AD2A-4EF8-9997-DD16AEF33E94}.Release|Any CPU.Build.0 = Release|Any CPU
		{72B502F2-FDB5-486C-A093-1763C7D9B67B}.Debug|Any CPU.ActiveCfg = Debug|Any CPU
		{72B502F2-FDB5-486C-A093-1763C7D9B67B}.Debug|Any CPU.Build.0 = Debug|Any CPU
		{72B502F2-FDB5-486C-A093-1763C7D9B67B}.Release|Any CPU.ActiveCfg = Release|Any CPU
		{72B502F2-FDB5-486C-A093-1763C7D9B67B}.Release|Any CPU.Build.0 = Release|Any CPU
		{63D78444-2358-4AB2-A7E1-49BDA4D93D61}.Debug|Any CPU.ActiveCfg = Debug|Any CPU
		{63D78444-2358-4AB2-A7E1-49BDA4D93D61}.Debug|Any CPU.Build.0 = Debug|Any CPU
		{63D78444-2358-4AB2-A7E1-49BDA4D93D61}.Release|Any CPU.ActiveCfg = Release|Any CPU
		{63D78444-2358-4AB2-A7E1-49BDA4D93D61}.Release|Any CPU.Build.0 = Release|Any CPU
		{C9690F2C-2D8A-4D1E-8BCB-382ECF2C9397}.Debug|Any CPU.ActiveCfg = Debug|Any CPU
		{C9690F2C-2D8A-4D1E-8BCB-382ECF2C9397}.Debug|Any CPU.Build.0 = Debug|Any CPU
		{C9690F2C-2D8A-4D1E-8BCB-382ECF2C9397}.Release|Any CPU.ActiveCfg = Release|Any CPU
		{C9690F2C-2D8A-4D1E-8BCB-382ECF2C9397}.Release|Any CPU.Build.0 = Release|Any CPU
	EndGlobalSection
	GlobalSection(SolutionProperties) = preSolution
		HideSolutionNode = FALSE
	EndGlobalSection
	GlobalSection(NestedProjects) = preSolution
		{C024F2CD-E812-443D-90A5-497D9C2D7DB4} = {C06D7025-5662-4C9A-AB46-C7EE28E4B33C}
		{154F16C5-077B-4691-B9B2-DD2346B2AE28} = {C06D7025-5662-4C9A-AB46-C7EE28E4B33C}
		{80D6AFF7-ADF7-424A-887B-DD90FA0D2D5E} = {1A1EB018-5878-4E30-BB52-8D758D48DB41}
		{A23DBB0F-0355-4174-8EE9-8DF06B1D667D} = {1A1EB018-5878-4E30-BB52-8D758D48DB41}
		{621FF2D1-AD2A-4EF8-9997-DD16AEF33E94} = {371D4E25-F969-4F3E-9084-1288910D9974}
		{72B502F2-FDB5-486C-A093-1763C7D9B67B} = {799740D2-16B2-4DE0-9F97-CB98D21FAE14}
		{63D78444-2358-4AB2-A7E1-49BDA4D93D61} = {73497E50-0D07-4CBD-B432-3B9E8152CF17}
		{C9690F2C-2D8A-4D1E-8BCB-382ECF2C9397} = {19EA01BC-3635-4F3B-9723-32CCBFAD3D74}
	EndGlobalSection
	GlobalSection(ExtensibilityGlobals) = postSolution
		SolutionGuid = {1CF97FF4-1005-4DD6-B1A6-486250DD8953}
	EndGlobalSection
EndGlobal
