
Microsoft Visual Studio Solution File, Format Version 12.00
# Visual Studio Version 16
VisualStudioVersion = 16.0.30011.22
MinimumVisualStudioVersion = 10.0.40219.1
Project("{FAE04EC0-301F-11D3-BF4B-00C04F79EFBC}") = "Source Control Final Assignment", "Source Control Final Assignment.csproj", "{C8378DD1-0873-47B3-AAE2-5AA1D879C57C}"
EndProject
Global
	GlobalSection(SolutionConfigurationPlatforms) = preSolution
		Debug|Any CPU = Debug|Any CPU
		Release|Any CPU = Release|Any CPU
	EndGlobalSection
	GlobalSection(ProjectConfigurationPlatforms) = postSolution
		{C8378DD1-0873-47B3-AAE2-5AA1D879C57C}.Debug|Any CPU.ActiveCfg = Debug|Any CPU
		{C8378DD1-0873-47B3-AAE2-5AA1D879C57C}.Debug|Any CPU.Build.0 = Debug|Any CPU
		{C8378DD1-0873-47B3-AAE2-5AA1D879C57C}.Release|Any CPU.ActiveCfg = Release|Any CPU
		{C8378DD1-0873-47B3-AAE2-5AA1D879C57C}.Release|Any CPU.Build.0 = Release|Any CPU
	EndGlobalSection
	GlobalSection(SolutionProperties) = preSolution
		HideSolutionNode = FALSE
	EndGlobalSection
	GlobalSection(ExtensibilityGlobals) = postSolution
		SolutionGuid = {5A691AF7-02A8-4FBB-B668-F3004F4AF6FF}
	EndGlobalSection
EndGlobal
