
Microsoft Visual Studio Solution File, Format Version 12.00
# Visual Studio Version 16
VisualStudioVersion = 16.0.31019.35
MinimumVisualStudioVersion = 10.0.40219.1
Project("{2150E333-8FDC-42A3-9474-1A3956D46DE8}") = "MVC", "MVC", "{6F7D397F-9EA9-48CC-8ACC-1D1F9C40D954}"
EndProject
Project("{2150E333-8FDC-42A3-9474-1A3956D46DE8}") = "API", "API", "{B02E182F-B370-4D90-9030-7DF07FBA02E4}"
EndProject
Project("{2150E333-8FDC-42A3-9474-1A3956D46DE8}") = "Common", "Common", "{6492C4EB-B160-402A-9325-244772E9A3D2}"
EndProject
Project("{2150E333-8FDC-42A3-9474-1A3956D46DE8}") = "BE", "BE", "{BD4F84E4-1237-4849-817B-12FFE8FA91E3}"
EndProject
Project("{9A19103F-16F7-4668-BE54-9A1E7A4F7556}") = "HRM.CoreMVC", "HRM.CoreMVC\HRM.CoreMVC.csproj", "{F6D5A4A7-133B-43C3-BD78-1CECBD7E6FB3}"
EndProject
Project("{9A19103F-16F7-4668-BE54-9A1E7A4F7556}") = "HRM.API", "HRM.API\HRM.API.csproj", "{11B89ABE-9E04-42D3-AA14-0CD673D1C0CE}"
EndProject
Project("{9A19103F-16F7-4668-BE54-9A1E7A4F7556}") = "HRM.Common", "HRM.Common\HRM.Common.csproj", "{A987D06C-30CC-4580-A77C-1F51529264F1}"
EndProject
Project("{2150E333-8FDC-42A3-9474-1A3956D46DE8}") = "DAL", "DAL", "{417BBD49-1358-49FE-B791-F7F75E636461}"
EndProject
Project("{9A19103F-16F7-4668-BE54-9A1E7A4F7556}") = "HRM.DAL", "HRM.DAL\HRM.DAL.csproj", "{5706D58F-3A66-4F11-BC96-710633CDD15E}"
EndProject
Project("{9A19103F-16F7-4668-BE54-9A1E7A4F7556}") = "HRM.BE", "HRM.BE\HRM.BE.csproj", "{4184AF4C-3940-4D13-8B9D-9AF86D5974BA}"
EndProject
Project("{2150E333-8FDC-42A3-9474-1A3956D46DE8}") = "BAL", "BAL", "{85B4C0AC-21B7-44E4-9E19-24A96E628528}"
EndProject
Project("{9A19103F-16F7-4668-BE54-9A1E7A4F7556}") = "HRM.BAL", "HRM.BAL\HRM.BAL.csproj", "{A844FF8F-64AF-4304-A5E9-49A26B04FD2C}"
EndProject
Global
	GlobalSection(SolutionConfigurationPlatforms) = preSolution
		Debug|Any CPU = Debug|Any CPU
		Release|Any CPU = Release|Any CPU
	EndGlobalSection
	GlobalSection(ProjectConfigurationPlatforms) = postSolution
		{F6D5A4A7-133B-43C3-BD78-1CECBD7E6FB3}.Debug|Any CPU.ActiveCfg = Debug|Any CPU
		{F6D5A4A7-133B-43C3-BD78-1CECBD7E6FB3}.Debug|Any CPU.Build.0 = Debug|Any CPU
		{F6D5A4A7-133B-43C3-BD78-1CECBD7E6FB3}.Release|Any CPU.ActiveCfg = Release|Any CPU
		{F6D5A4A7-133B-43C3-BD78-1CECBD7E6FB3}.Release|Any CPU.Build.0 = Release|Any CPU
		{11B89ABE-9E04-42D3-AA14-0CD673D1C0CE}.Debug|Any CPU.ActiveCfg = Debug|Any CPU
		{11B89ABE-9E04-42D3-AA14-0CD673D1C0CE}.Debug|Any CPU.Build.0 = Debug|Any CPU
		{11B89ABE-9E04-42D3-AA14-0CD673D1C0CE}.Release|Any CPU.ActiveCfg = Release|Any CPU
		{11B89ABE-9E04-42D3-AA14-0CD673D1C0CE}.Release|Any CPU.Build.0 = Release|Any CPU
		{A987D06C-30CC-4580-A77C-1F51529264F1}.Debug|Any CPU.ActiveCfg = Debug|Any CPU
		{A987D06C-30CC-4580-A77C-1F51529264F1}.Debug|Any CPU.Build.0 = Debug|Any CPU
		{A987D06C-30CC-4580-A77C-1F51529264F1}.Release|Any CPU.ActiveCfg = Release|Any CPU
		{A987D06C-30CC-4580-A77C-1F51529264F1}.Release|Any CPU.Build.0 = Release|Any CPU
		{5706D58F-3A66-4F11-BC96-710633CDD15E}.Debug|Any CPU.ActiveCfg = Debug|Any CPU
		{5706D58F-3A66-4F11-BC96-710633CDD15E}.Debug|Any CPU.Build.0 = Debug|Any CPU
		{5706D58F-3A66-4F11-BC96-710633CDD15E}.Release|Any CPU.ActiveCfg = Release|Any CPU
		{5706D58F-3A66-4F11-BC96-710633CDD15E}.Release|Any CPU.Build.0 = Release|Any CPU
		{4184AF4C-3940-4D13-8B9D-9AF86D5974BA}.Debug|Any CPU.ActiveCfg = Debug|Any CPU
		{4184AF4C-3940-4D13-8B9D-9AF86D5974BA}.Debug|Any CPU.Build.0 = Debug|Any CPU
		{4184AF4C-3940-4D13-8B9D-9AF86D5974BA}.Release|Any CPU.ActiveCfg = Release|Any CPU
		{4184AF4C-3940-4D13-8B9D-9AF86D5974BA}.Release|Any CPU.Build.0 = Release|Any CPU
		{A844FF8F-64AF-4304-A5E9-49A26B04FD2C}.Debug|Any CPU.ActiveCfg = Debug|Any CPU
		{A844FF8F-64AF-4304-A5E9-49A26B04FD2C}.Debug|Any CPU.Build.0 = Debug|Any CPU
		{A844FF8F-64AF-4304-A5E9-49A26B04FD2C}.Release|Any CPU.ActiveCfg = Release|Any CPU
		{A844FF8F-64AF-4304-A5E9-49A26B04FD2C}.Release|Any CPU.Build.0 = Release|Any CPU
	EndGlobalSection
	GlobalSection(SolutionProperties) = preSolution
		HideSolutionNode = FALSE
	EndGlobalSection
	GlobalSection(NestedProjects) = preSolution
		{F6D5A4A7-133B-43C3-BD78-1CECBD7E6FB3} = {6F7D397F-9EA9-48CC-8ACC-1D1F9C40D954}
		{11B89ABE-9E04-42D3-AA14-0CD673D1C0CE} = {B02E182F-B370-4D90-9030-7DF07FBA02E4}
		{A987D06C-30CC-4580-A77C-1F51529264F1} = {6492C4EB-B160-402A-9325-244772E9A3D2}
		{5706D58F-3A66-4F11-BC96-710633CDD15E} = {417BBD49-1358-49FE-B791-F7F75E636461}
		{4184AF4C-3940-4D13-8B9D-9AF86D5974BA} = {BD4F84E4-1237-4849-817B-12FFE8FA91E3}
		{A844FF8F-64AF-4304-A5E9-49A26B04FD2C} = {85B4C0AC-21B7-44E4-9E19-24A96E628528}
	EndGlobalSection
	GlobalSection(ExtensibilityGlobals) = postSolution
		SolutionGuid = {A27635A3-382C-464D-8E1B-9058CFCB4FF1}
	EndGlobalSection
EndGlobal
