
Microsoft Visual Studio Solution File, Format Version 12.00
# Visual Studio Version 16
VisualStudioVersion = 16.0.30011.22
MinimumVisualStudioVersion = 10.0.40219.1
Project("{FAE04EC0-301F-11D3-BF4B-00C04F79EFBC}") = "ProductManagementMVC", "ProductManagementMVC\ProductManagementMVC.csproj", "{99291D7D-CADD-4B0E-BDA2-82DFAC34D6C0}"
EndProject
Project("{FAE04EC0-301F-11D3-BF4B-00C04F79EFBC}") = "ProductManagementMVC.Tests", "ProductManagementMVC.Tests\ProductManagementMVC.Tests.csproj", "{924417CC-A854-4EA8-910A-A503EA81099C}"
EndProject
Project("{FAE04EC0-301F-11D3-BF4B-00C04F79EFBC}") = "ProductManagementWebAPI", "ProductManagementWebAPI\ProductManagementWebAPI.csproj", "{EBB5B7A0-2E16-4F69-B4EB-122E88B20DEA}"
EndProject
Global
	GlobalSection(SolutionConfigurationPlatforms) = preSolution
		Debug|Any CPU = Debug|Any CPU
		Release|Any CPU = Release|Any CPU
	EndGlobalSection
	GlobalSection(ProjectConfigurationPlatforms) = postSolution
		{99291D7D-CADD-4B0E-BDA2-82DFAC34D6C0}.Debug|Any CPU.ActiveCfg = Debug|Any CPU
		{99291D7D-CADD-4B0E-BDA2-82DFAC34D6C0}.Debug|Any CPU.Build.0 = Debug|Any CPU
		{99291D7D-CADD-4B0E-BDA2-82DFAC34D6C0}.Release|Any CPU.ActiveCfg = Release|Any CPU
		{99291D7D-CADD-4B0E-BDA2-82DFAC34D6C0}.Release|Any CPU.Build.0 = Release|Any CPU
		{924417CC-A854-4EA8-910A-A503EA81099C}.Debug|Any CPU.ActiveCfg = Debug|Any CPU
		{924417CC-A854-4EA8-910A-A503EA81099C}.Debug|Any CPU.Build.0 = Debug|Any CPU
		{924417CC-A854-4EA8-910A-A503EA81099C}.Release|Any CPU.ActiveCfg = Release|Any CPU
		{924417CC-A854-4EA8-910A-A503EA81099C}.Release|Any CPU.Build.0 = Release|Any CPU
		{EBB5B7A0-2E16-4F69-B4EB-122E88B20DEA}.Debug|Any CPU.ActiveCfg = Debug|Any CPU
		{EBB5B7A0-2E16-4F69-B4EB-122E88B20DEA}.Debug|Any CPU.Build.0 = Debug|Any CPU
		{EBB5B7A0-2E16-4F69-B4EB-122E88B20DEA}.Release|Any CPU.ActiveCfg = Release|Any CPU
		{EBB5B7A0-2E16-4F69-B4EB-122E88B20DEA}.Release|Any CPU.Build.0 = Release|Any CPU
	EndGlobalSection
	GlobalSection(SolutionProperties) = preSolution
		HideSolutionNode = FALSE
	EndGlobalSection
	GlobalSection(ExtensibilityGlobals) = postSolution
		SolutionGuid = {DC052304-0AC1-4A08-936D-84384397B8FE}
	EndGlobalSection
EndGlobal
